// !$*UTF8*$!
{
	archiveVersion = 1;
	classes = {
	};
	objectVersion = 56;
	objects = {

/* Begin PBXBuildFile section */
		8DC6F7072A11643E000434C5 /* ResourcePath.mm in Sources */ = {isa = PBXBuildFile; fileRef = 8DC6F7062A11643E000434C5 /* ResourcePath.mm */; };
		8DC6F70A2A11643E000434C5 /* main.cpp in Sources */ = {isa = PBXBuildFile; fileRef = 8DC6F7092A11643E000434C5 /* main.cpp */; };
		8DC6F70D2A11643E000434C5 /* cute_image.jpg in Resources */ = {isa = PBXBuildFile; fileRef = 8DC6F70C2A11643E000434C5 /* cute_image.jpg */; };
		8DC6F70F2A11643E000434C5 /* nice_music.ogg in Resources */ = {isa = PBXBuildFile; fileRef = 8DC6F70E2A11643E000434C5 /* nice_music.ogg */; };
		8DC6F7112A11643E000434C5 /* sansation.ttf in Resources */ = {isa = PBXBuildFile; fileRef = 8DC6F7102A11643E000434C5 /* sansation.ttf */; };
		8DC6F7132A11643E000434C5 /* icon.png in Resources */ = {isa = PBXBuildFile; fileRef = 8DC6F7122A11643E000434C5 /* icon.png */; };
		8DC6F71B2A116454000434C5 /* tetramiso.cpp in Sources */ = {isa = PBXBuildFile; fileRef = 8DC6F7192A116454000434C5 /* tetramiso.cpp */; };
/* End PBXBuildFile section */

/* Begin PBXFileReference section */
		8DC6F7012A11643E000434C5 /* da.app */ = {isa = PBXFileReference; explicitFileType = wrapper.application; includeInIndex = 0; path = da.app; sourceTree = BUILT_PRODUCTS_DIR; };
		8DC6F7052A11643E000434C5 /* da-Info.plist */ = {isa = PBXFileReference; lastKnownFileType = text.plist.xml; name = "da-Info.plist"; path = "../da-Info.plist"; sourceTree = "<group>"; };
		8DC6F7062A11643E000434C5 /* ResourcePath.mm */ = {isa = PBXFileReference; lastKnownFileType = sourcecode.cpp.objcpp; path = ResourcePath.mm; sourceTree = "<group>"; };
		8DC6F7082A11643E000434C5 /* ResourcePath.hpp */ = {isa = PBXFileReference; lastKnownFileType = sourcecode.cpp.h; path = ResourcePath.hpp; sourceTree = "<group>"; };
		8DC6F7092A11643E000434C5 /* main.cpp */ = {isa = PBXFileReference; lastKnownFileType = sourcecode.cpp.cpp; path = main.cpp; sourceTree = "<group>"; };
		8DC6F70C2A11643E000434C5 /* cute_image.jpg */ = {isa = PBXFileReference; lastKnownFileType = image.jpeg; name = cute_image.jpg; path = ../cute_image.jpg; sourceTree = "<group>"; };
		8DC6F70E2A11643E000434C5 /* nice_music.ogg */ = {isa = PBXFileReference; lastKnownFileType = file; name = nice_music.ogg; path = ../nice_music.ogg; sourceTree = "<group>"; };
		8DC6F7102A11643E000434C5 /* sansation.ttf */ = {isa = PBXFileReference; lastKnownFileType = file; name = sansation.ttf; path = ../sansation.ttf; sourceTree = "<group>"; };
		8DC6F7122A11643E000434C5 /* icon.png */ = {isa = PBXFileReference; lastKnownFileType = image.png; name = icon.png; path = ../icon.png; sourceTree = "<group>"; };
		8DC6F7192A116454000434C5 /* tetramiso.cpp */ = {isa = PBXFileReference; lastKnownFileType = sourcecode.cpp.cpp; path = tetramiso.cpp; sourceTree = "<group>"; };
		8DC6F71A2A116454000434C5 /* tetramiso.hpp */ = {isa = PBXFileReference; lastKnownFileType = sourcecode.cpp.h; path = tetramiso.hpp; sourceTree = "<group>"; };
/* End PBXFileReference section */

/* Begin PBXFrameworksBuildPhase section */
		8DC6F6FD2A11643E000434C5 /* Frameworks */ = {
			isa = PBXFrameworksBuildPhase;
			buildActionMask = 2147483647;
			files = (
			);
			runOnlyForDeploymentPostprocessing = 0;
		};
/* End PBXFrameworksBuildPhase section */

/* Begin PBXGroup section */
		8DC6F6F72A11643E000434C5 = {
			isa = PBXGroup;
			children = (
				8DC6F7032A11643E000434C5 /* da */,
				8DC6F7022A11643E000434C5 /* Products */,
			);
			sourceTree = "<group>";
		};
		8DC6F7022A11643E000434C5 /* Products */ = {
			isa = PBXGroup;
			children = (
				8DC6F7012A11643E000434C5 /* da.app */,
			);
			name = Products;
			sourceTree = "<group>";
		};
		8DC6F7032A11643E000434C5 /* da */ = {
			isa = PBXGroup;
			children = (
				8DC6F7062A11643E000434C5 /* ResourcePath.mm */,
				8DC6F7082A11643E000434C5 /* ResourcePath.hpp */,
				8DC6F7192A116454000434C5 /* tetramiso.cpp */,
				8DC6F71A2A116454000434C5 /* tetramiso.hpp */,
				8DC6F7092A11643E000434C5 /* main.cpp */,
				8DC6F70B2A11643E000434C5 /* Resources */,
				8DC6F7042A11643E000434C5 /* Supporting Files */,
			);
			path = da;
			sourceTree = "<group>";
		};
		8DC6F7042A11643E000434C5 /* Supporting Files */ = {
			isa = PBXGroup;
			children = (
				8DC6F7052A11643E000434C5 /* da-Info.plist */,
			);
			path = "Supporting Files";
			sourceTree = "<group>";
		};
		8DC6F70B2A11643E000434C5 /* Resources */ = {
			isa = PBXGroup;
			children = (
				8DC6F70C2A11643E000434C5 /* cute_image.jpg */,
				8DC6F70E2A11643E000434C5 /* nice_music.ogg */,
				8DC6F7102A11643E000434C5 /* sansation.ttf */,
				8DC6F7122A11643E000434C5 /* icon.png */,
			);
			path = Resources;
			sourceTree = "<group>";
		};
/* End PBXGroup section */

/* Begin PBXNativeTarget section */
		8DC6F7002A11643E000434C5 /* da */ = {
			isa = PBXNativeTarget;
			buildConfigurationList = 8DC6F7162A11643E000434C5 /* Build configuration list for PBXNativeTarget "da" */;
			buildPhases = (
				8DC6F6FC2A11643E000434C5 /* Sources */,
				8DC6F6FD2A11643E000434C5 /* Frameworks */,
				8DC6F6FE2A11643E000434C5 /* Resources */,
				8DC6F6FF2A11643E000434C5 /* ShellScript */,
			);
			buildRules = (
			);
			dependencies = (
			);
			name = da;
			productName = da;
			productReference = 8DC6F7012A11643E000434C5 /* da.app */;
			productType = "com.apple.product-type.application";
		};
/* End PBXNativeTarget section */

/* Begin PBXProject section */
		8DC6F6F82A11643E000434C5 /* Project object */ = {
			isa = PBXProject;
			attributes = {
				BuildIndependentTargetsInParallel = 1;
				LastUpgradeCheck = 1430;
				ORGANIZATIONNAME = "Sasha Stozhok";
				TargetAttributes = {
					8DC6F7002A11643E000434C5 = {
						CreatedOnToolsVersion = 14.3;
					};
				};
			};
			buildConfigurationList = 8DC6F6FB2A11643E000434C5 /* Build configuration list for PBXProject "da" */;
			compatibilityVersion = "Xcode 14.0";
			developmentRegion = en;
			hasScannedForEncodings = 0;
			knownRegions = (
				en,
				Base,
			);
			mainGroup = 8DC6F6F72A11643E000434C5;
			productRefGroup = 8DC6F7022A11643E000434C5 /* Products */;
			projectDirPath = "";
			projectRoot = "";
			targets = (
				8DC6F7002A11643E000434C5 /* da */,
			);
		};
/* End PBXProject section */

/* Begin PBXResourcesBuildPhase section */
		8DC6F6FE2A11643E000434C5 /* Resources */ = {
			isa = PBXResourcesBuildPhase;
			buildActionMask = 2147483647;
			files = (
				8DC6F7132A11643E000434C5 /* icon.png in Resources */,
				8DC6F7112A11643E000434C5 /* sansation.ttf in Resources */,
				8DC6F70F2A11643E000434C5 /* nice_music.ogg in Resources */,
				8DC6F70D2A11643E000434C5 /* cute_image.jpg in Resources */,
			);
			runOnlyForDeploymentPostprocessing = 0;
		};
/* End PBXResourcesBuildPhase section */

/* Begin PBXShellScriptBuildPhase section */
		8DC6F6FF2A11643E000434C5 /* ShellScript */ = {
			isa = PBXShellScriptBuildPhase;
			buildActionMask = 2147483647;
			files = (
			);
			inputFileListPaths = (
			);
			inputPaths = (
			);
			outputFileListPaths = (
			);
			outputPaths = (
			);
			runOnlyForDeploymentPostprocessing = 0;
			shellPath = /bin/sh;
			shellScript = "# This shell script simply copies required SFML dylibs/frameworks into the application bundle frameworks folder.\n# If you're using static libraries (which is not recommended) you should remove this script from your project.\n\n# SETTINGS\nSFML_DEPENDENCIES_INSTALL_PREFIX=\"/Users/SFML/Desktop/packaging/tmp/install/Library/Frameworks\"\nCMAKE_INSTALL_FRAMEWORK_PREFIX=\"/Users/SFML/Desktop/packaging/tmp/install/Library/Frameworks\"\nCMAKE_INSTALL_LIB_PREFIX=\"/Users/SFML/Desktop/packaging/tmp/install/Library/Frameworks/lib\"\nFRAMEWORKS_FULL_PATH=\"$BUILT_PRODUCTS_DIR/$FRAMEWORKS_FOLDER_PATH/\"\n\n# Are we building a project that uses frameworks or dylibs?\ncase \"$SFML_BINARY_TYPE\" in\n    DYLIBS)\n        frameworks=\"false\"\n        ;;\n    *)\n        frameworks=\"true\"\n        ;;\nesac\n\n# Echoes to stderr\nerror () # $* message to display\n{\n    echo $* 1>&2\n    exit 2\n}\n\nassert () # $1 is a boolean, $2...N is an error message\n{\n    if [ $# -lt 2 ]\n    then\n        error \"Internal error in assert: not enough args\"\n    fi\n\n    if [ $1 -ne 0 ]\n    then\n        shift\n        error \"$*\"\n    fi\n}\n\nforce_remove () # $@ is some paths\n{\n    test $# -ge 1\n    assert $? \"force_remove() requires at least one parameter\"\n    rm -fr $@\n    assert $? \"couldn't remove $@\"\n}\n\ncopy () # $1 is a source, $2 is a destination\n{\n    test $# -eq 2\n    assert $? \"copy() requires two parameters\"\n    ditto \"$1\" \"$2\"\n    assert $? \"couldn't copy $1 to $2\"\n}\n\nrequire () # $1 is a SFML module like 'system' or 'audio'\n{\n    dest=\"$BUILT_PRODUCTS_DIR/$FRAMEWORKS_FOLDER_PATH/\"\n\n    if [ -z \"$1\" ]\n    then\n        error \"require() requires one parameter!\"\n    else\n        # clean potentially old stuff\n        force_remove \"$dest/libsfml-$1\"*\n        force_remove \"$dest/sfml-$1.framework\"\n\n        # copy SFML libraries\n        if [ \"$frameworks\" = \"true\" ]\n        then\n            source=\"$CMAKE_INSTALL_FRAMEWORK_PREFIX/sfml-$1.framework\"\n            target=\"sfml-$1.framework\"\n        elif [ \"$SFML_LINK_DYLIBS_SUFFIX\" = \"-d\" ]\n        then\n            source=\"$CMAKE_INSTALL_LIB_PREFIX/libsfml-$1-d.dylib\"\n            target=\"`readlink $source`\"\n        else\n            source=\"$CMAKE_INSTALL_LIB_PREFIX/libsfml-$1.dylib\"\n            target=\"`readlink $source`\"\n        fi\n\n        copy \"$source\" \"$dest/$target\"\n\n        # copy extra dependencies\n        if [ \"$1\" = \"audio\" ]\n        then\n            # copy \"FLAC\" \"ogg\" \"vorbis\" \"vorbisenc\" \"vorbisfile\" \"OpenAL\" frameworks too\n            for f in \"FLAC\" \"ogg\" \"vorbis\" \"vorbisenc\" \"vorbisfile\" \"OpenAL\"\n            do\n                copy \"$SFML_DEPENDENCIES_INSTALL_PREFIX/$f.framework\" \"$dest/$f.framework\"\n            done\n        elif [ \"$1\" = \"graphics\" ]\n        then\n            copy \"$SFML_DEPENDENCIES_INSTALL_PREFIX/freetype.framework\" \"$dest/freetype.framework\"\n        fi\n    fi\n}\n\nif [ -n \"$SFML_SYSTEM\" ]\nthen\n    require \"system\"\nfi\n\nif [ -n \"$SFML_AUDIO\" ]\nthen\n    require \"audio\"\nfi\n\nif [ -n \"$SFML_NETWORK\" ]\nthen\n    require \"network\"\nfi\n\nif [ -n \"$SFML_WINDOW\" ]\nthen\n    require \"window\"\nfi\n\nif [ -n \"$SFML_GRAPHICS\" ]\nthen\n    require \"graphics\"\nfi\n\n                ";
		};
/* End PBXShellScriptBuildPhase section */

/* Begin PBXSourcesBuildPhase section */
		8DC6F6FC2A11643E000434C5 /* Sources */ = {
			isa = PBXSourcesBuildPhase;
			buildActionMask = 2147483647;
			files = (
				8DC6F70A2A11643E000434C5 /* main.cpp in Sources */,
				8DC6F71B2A116454000434C5 /* tetramiso.cpp in Sources */,
				8DC6F7072A11643E000434C5 /* ResourcePath.mm in Sources */,
			);
			runOnlyForDeploymentPostprocessing = 0;
		};
/* End PBXSourcesBuildPhase section */

/* Begin XCBuildConfiguration section */
		8DC6F7142A11643E000434C5 /* Debug */ = {
			isa = XCBuildConfiguration;
			buildSettings = {
				ARCHS = "$(NATIVE_ARCH_ACTUAL)";
				CLANG_CXX_LANGUAGE_STANDARD = "c++11";
				CLANG_CXX_LIBRARY = "libc++";
				FRAMEWORK_SEARCH_PATHS = (
					/Library/Frameworks/,
					"$(inherited)",
				);
				GCC_VERSION = com.apple.compilers.llvm.clang.1_0;
				HEADER_SEARCH_PATHS = (
					/usr/local/include/,
					"$(inherited)",
				);
				LIBRARY_SEARCH_PATHS = (
					/usr/local/lib/,
					"$(inherited)",
				);
				MACOSX_DEPLOYMENT_TARGET = 10.7;
				OTHER_LDFLAGS = (
					"$(inherited)",
					"$(SFML_SYSTEM)",
					"$(SFML_WINDOW)",
					"$(SFML_GRAPHICS)",
					"$(SFML_AUDIO)",
					"$(SFML_NETWORK)",
				);
				SFML_AUDIO = "$(SFML_LINK_PREFIX) sfml-audio$(SFML_LINK_SUFFIX)";
				SFML_BINARY_TYPE = FRAMEWORKS;
				SFML_GRAPHICS = "$(SFML_LINK_PREFIX) sfml-graphics$(SFML_LINK_SUFFIX)";
				SFML_LINK_DYLIBS_PREFIX = "-l";
				SFML_LINK_DYLIBS_SUFFIX = "";
				SFML_LINK_FRAMEWORKS_PREFIX = "-framework";
				SFML_LINK_FRAMEWORKS_SUFFIX = "";
				SFML_LINK_PREFIX = "$(SFML_LINK_$(SFML_BINARY_TYPE)_PREFIX)";
				SFML_LINK_SUFFIX = "$(SFML_LINK_$(SFML_BINARY_TYPE)_SUFFIX)";
				SFML_NETWORK = "";
				SFML_SYSTEM = "$(SFML_LINK_PREFIX) sfml-system$(SFML_LINK_SUFFIX)";
				SFML_WINDOW = "$(SFML_LINK_PREFIX) sfml-window$(SFML_LINK_SUFFIX)";
				SUPPORTED_PLATFORMS = macosx;
			};
			name = Debug;
		};
		8DC6F7152A11643E000434C5 /* Release */ = {
			isa = XCBuildConfiguration;
			buildSettings = {
				ARCHS = "$(NATIVE_ARCH_ACTUAL)";
				CLANG_CXX_LANGUAGE_STANDARD = "c++11";
				CLANG_CXX_LIBRARY = "libc++";
				FRAMEWORK_SEARCH_PATHS = (
					/Library/Frameworks/,
					"$(inherited)",
				);
				GCC_VERSION = com.apple.compilers.llvm.clang.1_0;
				HEADER_SEARCH_PATHS = (
					/usr/local/include/,
					"$(inherited)",
				);
				LIBRARY_SEARCH_PATHS = (
					/usr/local/lib/,
					"$(inherited)",
				);
				MACOSX_DEPLOYMENT_TARGET = 10.7;
				OTHER_LDFLAGS = (
					"$(inherited)",
					"$(SFML_SYSTEM)",
					"$(SFML_WINDOW)",
					"$(SFML_GRAPHICS)",
					"$(SFML_AUDIO)",
					"$(SFML_NETWORK)",
				);
				SFML_AUDIO = "$(SFML_LINK_PREFIX) sfml-audio$(SFML_LINK_SUFFIX)";
				SFML_BINARY_TYPE = FRAMEWORKS;
				SFML_GRAPHICS = "$(SFML_LINK_PREFIX) sfml-graphics$(SFML_LINK_SUFFIX)";
				SFML_LINK_DYLIBS_PREFIX = "-l";
				SFML_LINK_DYLIBS_SUFFIX = "";
				SFML_LINK_FRAMEWORKS_PREFIX = "-framework";
				SFML_LINK_FRAMEWORKS_SUFFIX = "";
				SFML_LINK_PREFIX = "$(SFML_LINK_$(SFML_BINARY_TYPE)_PREFIX)";
				SFML_LINK_SUFFIX = "$(SFML_LINK_$(SFML_BINARY_TYPE)_SUFFIX)";
				SFML_NETWORK = "";
				SFML_SYSTEM = "$(SFML_LINK_PREFIX) sfml-system$(SFML_LINK_SUFFIX)";
				SFML_WINDOW = "$(SFML_LINK_PREFIX) sfml-window$(SFML_LINK_SUFFIX)";
				SUPPORTED_PLATFORMS = macosx;
			};
			name = Release;
		};
		8DC6F7172A11643E000434C5 /* Debug */ = {
			isa = XCBuildConfiguration;
			buildSettings = {
				CODE_SIGN_STYLE = Automatic;
				INFOPLIST_FILE = "da/da-Info.plist";
				LD_RUNPATH_SEARCH_PATHS = "@loader_path/../Frameworks";
				PRODUCT_NAME = "$(TARGET_NAME)";
			};
			name = Debug;
		};
		8DC6F7182A11643E000434C5 /* Release */ = {
			isa = XCBuildConfiguration;
			buildSettings = {
				CODE_SIGN_STYLE = Automatic;
				INFOPLIST_FILE = "da/da-Info.plist";
				LD_RUNPATH_SEARCH_PATHS = "@loader_path/../Frameworks";
				PRODUCT_NAME = "$(TARGET_NAME)";
			};
			name = Release;
		};
/* End XCBuildConfiguration section */

/* Begin XCConfigurationList section */
		8DC6F6FB2A11643E000434C5 /* Build configuration list for PBXProject "da" */ = {
			isa = XCConfigurationList;
			buildConfigurations = (
				8DC6F7142A11643E000434C5 /* Debug */,
				8DC6F7152A11643E000434C5 /* Release */,
			);
			defaultConfigurationIsVisible = 0;
			defaultConfigurationName = Release;
		};
		8DC6F7162A11643E000434C5 /* Build configuration list for PBXNativeTarget "da" */ = {
			isa = XCConfigurationList;
			buildConfigurations = (
				8DC6F7172A11643E000434C5 /* Debug */,
				8DC6F7182A11643E000434C5 /* Release */,
			);
			defaultConfigurationIsVisible = 0;
			defaultConfigurationName = Release;
		};
/* End XCConfigurationList section */
	};
	rootObject = 8DC6F6F82A11643E000434C5 /* Project object */;
}
